
Microsoft Visual Studio Solution File, Format Version 12.00
# Visual Studio Version 17
VisualStudioVersion = 17.0.31903.59
MinimumVisualStudioVersion = 10.0.40219.1
Project("{FAE04EC0-301F-11D3-BF4B-00C04F79EFBC}") = "Tests", "Tests\Tests.csproj", "{9CF47860-2CEA-F379-09D8-9AEF27965D12}"
EndProject
Project("{FAE04EC0-301F-11D3-BF4B-00C04F79EFBC}") = "Common", "Common\Common.csproj", "{411BB116-EEA2-442C-AA8F-6156CAFF6A7B}"
EndProject
Project("{FAE04EC0-301F-11D3-BF4B-00C04F79EFBC}") = "Server", "Server\Server.csproj", "{D231D7D2-3B43-4C37-8046-DB72DA3BA99A}"
EndProject
Project("{FAE04EC0-301F-11D3-BF4B-00C04F79EFBC}") = "Client", "Client\Client.csproj", "{73980504-C984-4BAB-A681-CD4671CD17DD}"
EndProject
Project("{FAE04EC0-301F-11D3-BF4B-00C04F79EFBC}") = "DBBroker", "DBBroker\DBBroker.csproj", "{27545BE1-D66C-4403-9328-02444CF41918}"
EndProject
Global
	GlobalSection(SolutionConfigurationPlatforms) = preSolution
		Debug|Any CPU = Debug|Any CPU
		Release|Any CPU = Release|Any CPU
	EndGlobalSection
	GlobalSection(ProjectConfigurationPlatforms) = postSolution
		{9CF47860-2CEA-F379-09D8-9AEF27965D12}.Debug|Any CPU.ActiveCfg = Debug|Any CPU
		{9CF47860-2CEA-F379-09D8-9AEF27965D12}.Debug|Any CPU.Build.0 = Debug|Any CPU
		{9CF47860-2CEA-F379-09D8-9AEF27965D12}.Release|Any CPU.ActiveCfg = Release|Any CPU
		{9CF47860-2CEA-F379-09D8-9AEF27965D12}.Release|Any CPU.Build.0 = Release|Any CPU
		{411BB116-EEA2-442C-AA8F-6156CAFF6A7B}.Debug|Any CPU.ActiveCfg = Debug|Any CPU
		{411BB116-EEA2-442C-AA8F-6156CAFF6A7B}.Debug|Any CPU.Build.0 = Debug|Any CPU
		{411BB116-EEA2-442C-AA8F-6156CAFF6A7B}.Release|Any CPU.ActiveCfg = Release|Any CPU
		{411BB116-EEA2-442C-AA8F-6156CAFF6A7B}.Release|Any CPU.Build.0 = Release|Any CPU
		{D231D7D2-3B43-4C37-8046-DB72DA3BA99A}.Debug|Any CPU.ActiveCfg = Debug|Any CPU
		{D231D7D2-3B43-4C37-8046-DB72DA3BA99A}.Debug|Any CPU.Build.0 = Debug|Any CPU
		{D231D7D2-3B43-4C37-8046-DB72DA3BA99A}.Release|Any CPU.ActiveCfg = Release|Any CPU
		{D231D7D2-3B43-4C37-8046-DB72DA3BA99A}.Release|Any CPU.Build.0 = Release|Any CPU
		{73980504-C984-4BAB-A681-CD4671CD17DD}.Debug|Any CPU.ActiveCfg = Debug|Any CPU
		{73980504-C984-4BAB-A681-CD4671CD17DD}.Debug|Any CPU.Build.0 = Debug|Any CPU
		{73980504-C984-4BAB-A681-CD4671CD17DD}.Release|Any CPU.ActiveCfg = Release|Any CPU
		{73980504-C984-4BAB-A681-CD4671CD17DD}.Release|Any CPU.Build.0 = Release|Any CPU
		{27545BE1-D66C-4403-9328-02444CF41918}.Debug|Any CPU.ActiveCfg = Debug|Any CPU
		{27545BE1-D66C-4403-9328-02444CF41918}.Debug|Any CPU.Build.0 = Debug|Any CPU
		{27545BE1-D66C-4403-9328-02444CF41918}.Release|Any CPU.ActiveCfg = Release|Any CPU
		{27545BE1-D66C-4403-9328-02444CF41918}.Release|Any CPU.Build.0 = Release|Any CPU
	EndGlobalSection
	GlobalSection(SolutionProperties) = preSolution
		HideSolutionNode = FALSE
	EndGlobalSection
	GlobalSection(ExtensibilityGlobals) = postSolution
		SolutionGuid = {10BBD20F-F08E-40D7-ADB2-0BA819088FDC}
	EndGlobalSection
EndGlobal
